{
  "name": "rollup-plugin-input-array",
  "version": "1.0.0",
  "lockfileVersion": 1,
  "requires": true,
  "dependencies": {
    "rollup": {
      "version": "0.54.0",
      "resolved": "https://registry.npmjs.org/rollup/-/rollup-0.54.0.tgz",
      "integrity": "sha512-lgW/RpP8e8HdkrgJtFeBwzuWfvj+eo7yWfJ8AXRfi6a3d0DeYxysr4CwvqnTxJbtvcQ19L0L2bLDQkVK1Db4JA==",
      "dev": true
    }
  }
}
